
Microsoft Visual Studio Solution File, Format Version 12.00
# Visual Studio 15
VisualStudioVersion = 15.0.28307.106
MinimumVisualStudioVersion = 10.0.40219.1
Project("{8BC9CEB8-8B4A-11D0-8D11-00A0C91BC942}") = "Test_ClevoKbled", "Test_ClevoKbled.vcxproj", "{6E811ECE-AE93-4B25-8F95-9C7C9A23606D}"
EndProject
Global
	GlobalSection(SolutionConfigurationPlatforms) = preSolution
		Debug|x64 = Debug|x64
		Debug|x86 = Debug|x86
		Release|x64 = Release|x64
		Release|x86 = Release|x86
	EndGlobalSection
	GlobalSection(ProjectConfigurationPlatforms) = postSolution
		{6E811ECE-AE93-4B25-8F95-9C7C9A23606D}.Debug|x64.ActiveCfg = Debug|x64
		{6E811ECE-AE93-4B25-8F95-9C7C9A23606D}.Debug|x64.Build.0 = Debug|x64
		{6E811ECE-AE93-4B25-8F95-9C7C9A23606D}.Debug|x86.ActiveCfg = Debug|Win32
		{6E811ECE-AE93-4B25-8F95-9C7C9A23606D}.Debug|x86.Build.0 = Debug|Win32
		{6E811ECE-AE93-4B25-8F95-9C7C9A23606D}.Release|x64.ActiveCfg = Release|x64
		{6E811ECE-AE93-4B25-8F95-9C7C9A23606D}.Release|x64.Build.0 = Release|x64
		{6E811ECE-AE93-4B25-8F95-9C7C9A23606D}.Release|x86.ActiveCfg = Release|Win32
		{6E811ECE-AE93-4B25-8F95-9C7C9A23606D}.Release|x86.Build.0 = Release|Win32
	EndGlobalSection
	GlobalSection(SolutionProperties) = preSolution
		HideSolutionNode = FALSE
	EndGlobalSection
	GlobalSection(ExtensibilityGlobals) = postSolution
		SolutionGuid = {57BBE84B-BBD3-446C-9B7A-4E2F472D14A4}
	EndGlobalSection
EndGlobal
